
Microsoft Visual Studio Solution File, Format Version 12.00
# Visual Studio Version 17
VisualStudioVersion = 17.11.35327.3
MinimumVisualStudioVersion = 10.0.40219.1
Project("{FAE04EC0-301F-11D3-BF4B-00C04F79EFBC}") = "ENERGY_MOBILE_APP", "ENERGY_MOBILE_APP.csproj", "{22780A7B-A03A-425D-AAD1-3F779D86AE0E}"
EndProject
Global
	GlobalSection(SolutionConfigurationPlatforms) = preSolution
		Debug|Any CPU = Debug|Any CPU
		Release|Any CPU = Release|Any CPU
	EndGlobalSection
	GlobalSection(ProjectConfigurationPlatforms) = postSolution
		{22780A7B-A03A-425D-AAD1-3F779D86AE0E}.Debug|Any CPU.ActiveCfg = Debug|Any CPU
		{22780A7B-A03A-425D-AAD1-3F779D86AE0E}.Debug|Any CPU.Build.0 = Debug|Any CPU
		{22780A7B-A03A-425D-AAD1-3F779D86AE0E}.Release|Any CPU.ActiveCfg = Release|Any CPU
		{22780A7B-A03A-425D-AAD1-3F779D86AE0E}.Release|Any CPU.Build.0 = Release|Any CPU
	EndGlobalSection
	GlobalSection(SolutionProperties) = preSolution
		HideSolutionNode = FALSE
	EndGlobalSection
	GlobalSection(ExtensibilityGlobals) = postSolution
		SolutionGuid = {5B97666B-3706-47C1-B717-605DC27296A4}
	EndGlobalSection
EndGlobal
